
Microsoft Visual Studio Solution File, Format Version 12.00
# Visual Studio Version 17
VisualStudioVersion = 17.8.34330.188
MinimumVisualStudioVersion = 10.0.40219.1
Project("{FAE04EC0-301F-11D3-BF4B-00C04F79EFBC}") = "Algorithms", "Algorithms\Algorithms.csproj", "{9C068C35-4539-43B1-8438-E75B4F4067B9}"
EndProject
Global
	GlobalSection(SolutionConfigurationPlatforms) = preSolution
		Debug|Any CPU = Debug|Any CPU
		Release|Any CPU = Release|Any CPU
	EndGlobalSection
	GlobalSection(ProjectConfigurationPlatforms) = postSolution
		{9C068C35-4539-43B1-8438-E75B4F4067B9}.Debug|Any CPU.ActiveCfg = Debug|Any CPU
		{9C068C35-4539-43B1-8438-E75B4F4067B9}.Debug|Any CPU.Build.0 = Debug|Any CPU
		{9C068C35-4539-43B1-8438-E75B4F4067B9}.Release|Any CPU.ActiveCfg = Release|Any CPU
		{9C068C35-4539-43B1-8438-E75B4F4067B9}.Release|Any CPU.Build.0 = Release|Any CPU
	EndGlobalSection
	GlobalSection(SolutionProperties) = preSolution
		HideSolutionNode = FALSE
	EndGlobalSection
	GlobalSection(ExtensibilityGlobals) = postSolution
		SolutionGuid = {CCD9C3F5-22B2-47B2-9B1F-5444C54E6364}
	EndGlobalSection
EndGlobal
